// !$*UTF8*$!
{
	archiveVersion = 1;
	classes = {
	};
	objectVersion = 50;
	objects = {

/* Begin PBXBuildFile section */
		7542948E22876D6D00CD50DA /* AppDelegate.swift in Sources */ = {isa = PBXBuildFile; fileRef = 7542948D22876D6D00CD50DA /* AppDelegate.swift */; };
		7542949022876D6D00CD50DA /* ViewController.swift in Sources */ = {isa = PBXBuildFile; fileRef = 7542948F22876D6D00CD50DA /* ViewController.swift */; };
		7542949322876D6D00CD50DA /* Main.storyboard in Resources */ = {isa = PBXBuildFile; fileRef = 7542949122876D6D00CD50DA /* Main.storyboard */; };
		7542949522876D7800CD50DA /* Assets.xcassets in Resources */ = {isa = PBXBuildFile; fileRef = 7542949422876D7800CD50DA /* Assets.xcassets */; };
		7542949822876D7800CD50DA /* LaunchScreen.storyboard in Resources */ = {isa = PBXBuildFile; fileRef = 7542949622876D7800CD50DA /* LaunchScreen.storyboard */; };
		754294A322876D7900CD50DA /* myNotesTests.swift in Sources */ = {isa = PBXBuildFile; fileRef = 754294A222876D7900CD50DA /* myNotesTests.swift */; };
		754294C8228B203100CD50DA /* Note.swift in Sources */ = {isa = PBXBuildFile; fileRef = 754294C7228B203100CD50DA /* Note.swift */; };
		754294CA228B24C800CD50DA /* noteTableViewCell.swift in Sources */ = {isa = PBXBuildFile; fileRef = 754294C9228B24C800CD50DA /* noteTableViewCell.swift */; };
/* End PBXBuildFile section */

/* Begin PBXContainerItemProxy section */
		7542949F22876D7900CD50DA /* PBXContainerItemProxy */ = {
			isa = PBXContainerItemProxy;
			containerPortal = 7542948222876D6D00CD50DA /* Project object */;
			proxyType = 1;
			remoteGlobalIDString = 7542948922876D6D00CD50DA;
			remoteInfo = myNotes;
		};
/* End PBXContainerItemProxy section */

/* Begin PBXFileReference section */
		7542948A22876D6D00CD50DA /* myNotes.app */ = {isa = PBXFileReference; explicitFileType = wrapper.application; includeInIndex = 0; path = myNotes.app; sourceTree = BUILT_PRODUCTS_DIR; };
		7542948D22876D6D00CD50DA /* AppDelegate.swift */ = {isa = PBXFileReference; lastKnownFileType = sourcecode.swift; path = AppDelegate.swift; sourceTree = "<group>"; };
		7542948F22876D6D00CD50DA /* ViewController.swift */ = {isa = PBXFileReference; lastKnownFileType = sourcecode.swift; path = ViewController.swift; sourceTree = "<group>"; };
		7542949222876D6D00CD50DA /* Base */ = {isa = PBXFileReference; lastKnownFileType = file.storyboard; name = Base; path = Base.lproj/Main.storyboard; sourceTree = "<group>"; };
		7542949422876D7800CD50DA /* Assets.xcassets */ = {isa = PBXFileReference; lastKnownFileType = folder.assetcatalog; path = Assets.xcassets; sourceTree = "<group>"; };
		7542949722876D7800CD50DA /* Base */ = {isa = PBXFileReference; lastKnownFileType = file.storyboard; name = Base; path = Base.lproj/LaunchScreen.storyboard; sourceTree = "<group>"; };
		7542949922876D7800CD50DA /* Info.plist */ = {isa = PBXFileReference; lastKnownFileType = text.plist.xml; path = Info.plist; sourceTree = "<group>"; };
		7542949E22876D7900CD50DA /* myNotesTests.xctest */ = {isa = PBXFileReference; explicitFileType = wrapper.cfbundle; includeInIndex = 0; path = myNotesTests.xctest; sourceTree = BUILT_PRODUCTS_DIR; };
		754294A222876D7900CD50DA /* myNotesTests.swift */ = {isa = PBXFileReference; lastKnownFileType = sourcecode.swift; path = myNotesTests.swift; sourceTree = "<group>"; };
		754294A422876D7900CD50DA /* Info.plist */ = {isa = PBXFileReference; lastKnownFileType = text.plist.xml; path = Info.plist; sourceTree = "<group>"; };
		754294C7228B203100CD50DA /* Note.swift */ = {isa = PBXFileReference; lastKnownFileType = sourcecode.swift; path = Note.swift; sourceTree = "<group>"; };
		754294C9228B24C800CD50DA /* noteTableViewCell.swift */ = {isa = PBXFileReference; lastKnownFileType = sourcecode.swift; path = noteTableViewCell.swift; sourceTree = "<group>"; };
/* End PBXFileReference section */

/* Begin PBXFrameworksBuildPhase section */
		7542948722876D6D00CD50DA /* Frameworks */ = {
			isa = PBXFrameworksBuildPhase;
			buildActionMask = 2147483647;
			files = (
			);
			runOnlyForDeploymentPostprocessing = 0;
		};
		7542949B22876D7900CD50DA /* Frameworks */ = {
			isa = PBXFrameworksBuildPhase;
			buildActionMask = 2147483647;
			files = (
			);
			runOnlyForDeploymentPostprocessing = 0;
		};
/* End PBXFrameworksBuildPhase section */

/* Begin PBXGroup section */
		7542948122876D6D00CD50DA = {
			isa = PBXGroup;
			children = (
				7542948C22876D6D00CD50DA /* myNotes */,
				754294A122876D7900CD50DA /* myNotesTests */,
				7542948B22876D6D00CD50DA /* Products */,
			);
			sourceTree = "<group>";
		};
		7542948B22876D6D00CD50DA /* Products */ = {
			isa = PBXGroup;
			children = (
				7542948A22876D6D00CD50DA /* myNotes.app */,
				7542949E22876D7900CD50DA /* myNotesTests.xctest */,
			);
			name = Products;
			sourceTree = "<group>";
		};
		7542948C22876D6D00CD50DA /* myNotes */ = {
			isa = PBXGroup;
			children = (
				7542948D22876D6D00CD50DA /* AppDelegate.swift */,
				7542948F22876D6D00CD50DA /* ViewController.swift */,
				7542949122876D6D00CD50DA /* Main.storyboard */,
				7542949422876D7800CD50DA /* Assets.xcassets */,
				7542949622876D7800CD50DA /* LaunchScreen.storyboard */,
				7542949922876D7800CD50DA /* Info.plist */,
				754294C7228B203100CD50DA /* Note.swift */,
				754294C9228B24C800CD50DA /* noteTableViewCell.swift */,
			);
			path = myNotes;
			sourceTree = "<group>";
		};
		754294A122876D7900CD50DA /* myNotesTests */ = {
			isa = PBXGroup;
			children = (
				754294A222876D7900CD50DA /* myNotesTests.swift */,
				754294A422876D7900CD50DA /* Info.plist */,
			);
			path = myNotesTests;
			sourceTree = "<group>";
		};
/* End PBXGroup section */

/* Begin PBXNativeTarget section */
		7542948922876D6D00CD50DA /* myNotes */ = {
			isa = PBXNativeTarget;
			buildConfigurationList = 754294A722876D7900CD50DA /* Build configuration list for PBXNativeTarget "myNotes" */;
			buildPhases = (
				7542948622876D6D00CD50DA /* Sources */,
				7542948722876D6D00CD50DA /* Frameworks */,
				7542948822876D6D00CD50DA /* Resources */,
			);
			buildRules = (
			);
			dependencies = (
			);
			name = myNotes;
			productName = myNotes;
			productReference = 7542948A22876D6D00CD50DA /* myNotes.app */;
			productType = "com.apple.product-type.application";
		};
		7542949D22876D7900CD50DA /* myNotesTests */ = {
			isa = PBXNativeTarget;
			buildConfigurationList = 754294AA22876D7900CD50DA /* Build configuration list for PBXNativeTarget "myNotesTests" */;
			buildPhases = (
				7542949A22876D7900CD50DA /* Sources */,
				7542949B22876D7900CD50DA /* Frameworks */,
				7542949C22876D7900CD50DA /* Resources */,
			);
			buildRules = (
			);
			dependencies = (
				754294A022876D7900CD50DA /* PBXTargetDependency */,
			);
			name = myNotesTests;
			productName = myNotesTests;
			productReference = 7542949E22876D7900CD50DA /* myNotesTests.xctest */;
			productType = "com.apple.product-type.bundle.unit-test";
		};
/* End PBXNativeTarget section */

/* Begin PBXProject section */
		7542948222876D6D00CD50DA /* Project object */ = {
			isa = PBXProject;
			attributes = {
				LastSwiftUpdateCheck = 1020;
				LastUpgradeCheck = 1020;
				ORGANIZATIONNAME = "Ilya Kangin";
				TargetAttributes = {
					7542948922876D6D00CD50DA = {
						CreatedOnToolsVersion = 10.2.1;
					};
					7542949D22876D7900CD50DA = {
						CreatedOnToolsVersion = 10.2.1;
						TestTargetID = 7542948922876D6D00CD50DA;
					};
				};
			};
			buildConfigurationList = 7542948522876D6D00CD50DA /* Build configuration list for PBXProject "myNotes" */;
			compatibilityVersion = "Xcode 9.3";
			developmentRegion = en;
			hasScannedForEncodings = 0;
			knownRegions = (
				en,
				Base,
			);
			mainGroup = 7542948122876D6D00CD50DA;
			productRefGroup = 7542948B22876D6D00CD50DA /* Products */;
			projectDirPath = "";
			projectRoot = "";
			targets = (
				7542948922876D6D00CD50DA /* myNotes */,
				7542949D22876D7900CD50DA /* myNotesTests */,
			);
		};
/* End PBXProject section */

/* Begin PBXResourcesBuildPhase section */
		7542948822876D6D00CD50DA /* Resources */ = {
			isa = PBXResourcesBuildPhase;
			buildActionMask = 2147483647;
			files = (
				7542949822876D7800CD50DA /* LaunchScreen.storyboard in Resources */,
				7542949522876D7800CD50DA /* Assets.xcassets in Resources */,
				7542949322876D6D00CD50DA /* Main.storyboard in Resources */,
			);
			runOnlyForDeploymentPostprocessing = 0;
		};
		7542949C22876D7900CD50DA /* Resources */ = {
			isa = PBXResourcesBuildPhase;
			buildActionMask = 2147483647;
			files = (
			);
			runOnlyForDeploymentPostprocessing = 0;
		};
/* End PBXResourcesBuildPhase section */

/* Begin PBXSourcesBuildPhase section */
		7542948622876D6D00CD50DA /* Sources */ = {
			isa = PBXSourcesBuildPhase;
			buildActionMask = 2147483647;
			files = (
				754294C8228B203100CD50DA /* Note.swift in Sources */,
				7542949022876D6D00CD50DA /* ViewController.swift in Sources */,
				7542948E22876D6D00CD50DA /* AppDelegate.swift in Sources */,
				754294CA228B24C800CD50DA /* noteTableViewCell.swift in Sources */,
			);
			runOnlyForDeploymentPostprocessing = 0;
		};
		7542949A22876D7900CD50DA /* Sources */ = {
			isa = PBXSourcesBuildPhase;
			buildActionMask = 2147483647;
			files = (
				754294A322876D7900CD50DA /* myNotesTests.swift in Sources */,
			);
			runOnlyForDeploymentPostprocessing = 0;
		};
/* End PBXSourcesBuildPhase section */

/* Begin PBXTargetDependency section */
		754294A022876D7900CD50DA /* PBXTargetDependency */ = {
			isa = PBXTargetDependency;
			target = 7542948922876D6D00CD50DA /* myNotes */;
			targetProxy = 7542949F22876D7900CD50DA /* PBXContainerItemProxy */;
		};
/* End PBXTargetDependency section */

/* Begin PBXVariantGroup section */
		7542949122876D6D00CD50DA /* Main.storyboard */ = {
			isa = PBXVariantGroup;
			children = (
				7542949222876D6D00CD50DA /* Base */,
			);
			name = Main.storyboard;
			sourceTree = "<group>";
		};
		7542949622876D7800CD50DA /* LaunchScreen.storyboard */ = {
			isa = PBXVariantGroup;
			children = (
				7542949722876D7800CD50DA /* Base */,
			);
			name = LaunchScreen.storyboard;
			sourceTree = "<group>";
		};
/* End PBXVariantGroup section */

/* Begin XCBuildConfiguration section */
		754294A522876D7900CD50DA /* Debug */ = {
			isa = XCBuildConfiguration;
			buildSettings = {
				ALWAYS_SEARCH_USER_PATHS = NO;
				CLANG_ANALYZER_NONNULL = YES;
				CLANG_ANALYZER_NUMBER_OBJECT_CONVERSION = YES_AGGRESSIVE;
				CLANG_CXX_LANGUAGE_STANDARD = "gnu++14";
				CLANG_CXX_LIBRARY = "libc++";
				CLANG_ENABLE_MODULES = YES;
				CLANG_ENABLE_OBJC_ARC = YES;
				CLANG_ENABLE_OBJC_WEAK = YES;
				CLANG_WARN_BLOCK_CAPTURE_AUTORELEASING = YES;
				CLANG_WARN_BOOL_CONVERSION = YES;
				CLANG_WARN_COMMA = YES;
				CLANG_WARN_CONSTANT_CONVERSION = YES;
				CLANG_WARN_DEPRECATED_OBJC_IMPLEMENTATIONS = YES;
				CLANG_WARN_DIRECT_OBJC_ISA_USAGE = YES_ERROR;
				CLANG_WARN_DOCUMENTATION_COMMENTS = YES;
				CLANG_WARN_EMPTY_BODY = YES;
				CLANG_WARN_ENUM_CONVERSION = YES;
				CLANG_WARN_INFINITE_RECURSION = YES;
				CLANG_WARN_INT_CONVERSION = YES;
				CLANG_WARN_NON_LITERAL_NULL_CONVERSION = YES;
				CLANG_WARN_OBJC_IMPLICIT_RETAIN_SELF = YES;
				CLANG_WARN_OBJC_LITERAL_CONVERSION = YES;
				CLANG_WARN_OBJC_ROOT_CLASS = YES_ERROR;
				CLANG_WARN_RANGE_LOOP_ANALYSIS = YES;
				CLANG_WARN_STRICT_PROTOTYPES = YES;
				CLANG_WARN_SUSPICIOUS_MOVE = YES;
				CLANG_WARN_UNGUARDED_AVAILABILITY = YES_AGGRESSIVE;
				CLANG_WARN_UNREACHABLE_CODE = YES;
				CLANG_WARN__DUPLICATE_METHOD_MATCH = YES;
				CODE_SIGN_IDENTITY = "iPhone Developer";
				COPY_PHASE_STRIP = NO;
				DEBUG_INFORMATION_FORMAT = dwarf;
				ENABLE_STRICT_OBJC_MSGSEND = YES;
				ENABLE_TESTABILITY = YES;
				GCC_C_LANGUAGE_STANDARD = gnu11;
				GCC_DYNAMIC_NO_PIC = NO;
				GCC_NO_COMMON_BLOCKS = YES;
				GCC_OPTIMIZATION_LEVEL = 0;
				GCC_PREPROCESSOR_DEFINITIONS = (
					"DEBUG=1",
					"$(inherited)",
				);
				GCC_WARN_64_TO_32_BIT_CONVERSION = YES;
				GCC_WARN_ABOUT_RETURN_TYPE = YES_ERROR;
				GCC_WARN_UNDECLARED_SELECTOR = YES;
				GCC_WARN_UNINITIALIZED_AUTOS = YES_AGGRESSIVE;
				GCC_WARN_UNUSED_FUNCTION = YES;
				GCC_WARN_UNUSED_VARIABLE = YES;
				IPHONEOS_DEPLOYMENT_TARGET = 12.2;
				MTL_ENABLE_DEBUG_INFO = INCLUDE_SOURCE;
				MTL_FAST_MATH = YES;
				ONLY_ACTIVE_ARCH = YES;
				SDKROOT = iphoneos;
				SWIFT_ACTIVE_COMPILATION_CONDITIONS = DEBUG;
				SWIFT_OPTIMIZATION_LEVEL = "-Onone";
			};
			name = Debug;
		};
		754294A622876D7900CD50DA /* Release */ = {
			isa = XCBuildConfiguration;
			buildSettings = {
				ALWAYS_SEARCH_USER_PATHS = NO;
				CLANG_ANALYZER_NONNULL = YES;
				CLANG_ANALYZER_NUMBER_OBJECT_CONVERSION = YES_AGGRESSIVE;
				CLANG_CXX_LANGUAGE_STANDARD = "gnu++14";
				CLANG_CXX_LIBRARY = "libc++";
				CLANG_ENABLE_MODULES = YES;
				CLANG_ENABLE_OBJC_ARC = YES;
				CLANG_ENABLE_OBJC_WEAK = YES;
				CLANG_WARN_BLOCK_CAPTURE_AUTORELEASING = YES;
				CLANG_WARN_BOOL_CONVERSION = YES;
				CLANG_WARN_COMMA = YES;
				CLANG_WARN_CONSTANT_CONVERSION = YES;
				CLANG_WARN_DEPRECATED_OBJC_IMPLEMENTATIONS = YES;
				CLANG_WARN_DIRECT_OBJC_ISA_USAGE = YES_ERROR;
				CLANG_WARN_DOCUMENTATION_COMMENTS = YES;
				CLANG_WARN_EMPTY_BODY = YES;
				CLANG_WARN_ENUM_CONVERSION = YES;
				CLANG_WARN_INFINITE_RECURSION = YES;
				CLANG_WARN_INT_CONVERSION = YES;
				CLANG_WARN_NON_LITERAL_NULL_CONVERSION = YES;
				CLANG_WARN_OBJC_IMPLICIT_RETAIN_SELF = YES;
				CLANG_WARN_OBJC_LITERAL_CONVERSION = YES;
				CLANG_WARN_OBJC_ROOT_CLASS = YES_ERROR;
				CLANG_WARN_RANGE_LOOP_ANALYSIS = YES;
				CLANG_WARN_STRICT_PROTOTYPES = YES;
				CLANG_WARN_SUSPICIOUS_MOVE = YES;
				CLANG_WARN_UNGUARDED_AVAILABILITY = YES_AGGRESSIVE;
				CLANG_WARN_UNREACHABLE_CODE = YES;
				CLANG_WARN__DUPLICATE_METHOD_MATCH = YES;
				CODE_SIGN_IDENTITY = "iPhone Developer";
				COPY_PHASE_STRIP = NO;
				DEBUG_INFORMATION_FORMAT = "dwarf-with-dsym";
				ENABLE_NS_ASSERTIONS = NO;
				ENABLE_STRICT_OBJC_MSGSEND = YES;
				GCC_C_LANGUAGE_STANDARD = gnu11;
				GCC_NO_COMMON_BLOCKS = YES;
				GCC_WARN_64_TO_32_BIT_CONVERSION = YES;
				GCC_WARN_ABOUT_RETURN_TYPE = YES_ERROR;
				GCC_WARN_UNDECLARED_SELECTOR = YES;
				GCC_WARN_UNINITIALIZED_AUTOS = YES_AGGRESSIVE;
				GCC_WARN_UNUSED_FUNCTION = YES;
				GCC_WARN_UNUSED_VARIABLE = YES;
				IPHONEOS_DEPLOYMENT_TARGET = 12.2;
				MTL_ENABLE_DEBUG_INFO = NO;
				MTL_FAST_MATH = YES;
				SDKROOT = iphoneos;
				SWIFT_COMPILATION_MODE = wholemodule;
				SWIFT_OPTIMIZATION_LEVEL = "-O";
				VALIDATE_PRODUCT = YES;
			};
			name = Release;
		};
		754294A822876D7900CD50DA /* Debug */ = {
			isa = XCBuildConfiguration;
			buildSettings = {
				ASSETCATALOG_COMPILER_APPICON_NAME = AppIcon;
				CODE_SIGN_STYLE = Automatic;
				DEVELOPMENT_TEAM = J4QZ62W554;
				INFOPLIST_FILE = myNotes/Info.plist;
				LD_RUNPATH_SEARCH_PATHS = (
					"$(inherited)",
					"@executable_path/Frameworks",
				);
				PRODUCT_BUNDLE_IDENTIFIER = ilk.myNotes;
				PRODUCT_NAME = "$(TARGET_NAME)";
				SWIFT_VERSION = 5.0;
				TARGETED_DEVICE_FAMILY = "1,2";
			};
			name = Debug;
		};
		754294A922876D7900CD50DA /* Release */ = {
			isa = XCBuildConfiguration;
			buildSettings = {
				ASSETCATALOG_COMPILER_APPICON_NAME = AppIcon;
				CODE_SIGN_STYLE = Automatic;
				DEVELOPMENT_TEAM = J4QZ62W554;
				INFOPLIST_FILE = myNotes/Info.plist;
				LD_RUNPATH_SEARCH_PATHS = (
					"$(inherited)",
					"@executable_path/Frameworks",
				);
				PRODUCT_BUNDLE_IDENTIFIER = ilk.myNotes;
				PRODUCT_NAME = "$(TARGET_NAME)";
				SWIFT_VERSION = 5.0;
				TARGETED_DEVICE_FAMILY = "1,2";
			};
			name = Release;
		};
		754294AB22876D7900CD50DA /* Debug */ = {
			isa = XCBuildConfiguration;
			buildSettings = {
				ALWAYS_EMBED_SWIFT_STANDARD_LIBRARIES = YES;
				BUNDLE_LOADER = "$(TEST_HOST)";
				CODE_SIGN_STYLE = Automatic;
				DEVELOPMENT_TEAM = J4QZ62W554;
				INFOPLIST_FILE = myNotesTests/Info.plist;
				LD_RUNPATH_SEARCH_PATHS = (
					"$(inherited)",
					"@executable_path/Frameworks",
					"@loader_path/Frameworks",
				);
				PRODUCT_BUNDLE_IDENTIFIER = ilk.myNotesTests;
				PRODUCT_NAME = "$(TARGET_NAME)";
				SWIFT_VERSION = 5.0;
				TARGETED_DEVICE_FAMILY = "1,2";
				TEST_HOST = "$(BUILT_PRODUCTS_DIR)/myNotes.app/myNotes";
			};
			name = Debug;
		};
		754294AC22876D7900CD50DA /* Release */ = {
			isa = XCBuildConfiguration;
			buildSettings = {
				ALWAYS_EMBED_SWIFT_STANDARD_LIBRARIES = YES;
				BUNDLE_LOADER = "$(TEST_HOST)";
				CODE_SIGN_STYLE = Automatic;
				DEVELOPMENT_TEAM = J4QZ62W554;
				INFOPLIST_FILE = myNotesTests/Info.plist;
				LD_RUNPATH_SEARCH_PATHS = (
					"$(inherited)",
					"@executable_path/Frameworks",
					"@loader_path/Frameworks",
				);
				PRODUCT_BUNDLE_IDENTIFIER = ilk.myNotesTests;
				PRODUCT_NAME = "$(TARGET_NAME)";
				SWIFT_VERSION = 5.0;
				TARGETED_DEVICE_FAMILY = "1,2";
				TEST_HOST = "$(BUILT_PRODUCTS_DIR)/myNotes.app/myNotes";
			};
			name = Release;
		};
/* End XCBuildConfiguration section */

/* Begin XCConfigurationList section */
		7542948522876D6D00CD50DA /* Build configuration list for PBXProject "myNotes" */ = {
			isa = XCConfigurationList;
			buildConfigurations = (
				754294A522876D7900CD50DA /* Debug */,
				754294A622876D7900CD50DA /* Release */,
			);
			defaultConfigurationIsVisible = 0;
			defaultConfigurationName = Release;
		};
		754294A722876D7900CD50DA /* Build configuration list for PBXNativeTarget "myNotes" */ = {
			isa = XCConfigurationList;
			buildConfigurations = (
				754294A822876D7900CD50DA /* Debug */,
				754294A922876D7900CD50DA /* Release */,
			);
			defaultConfigurationIsVisible = 0;
			defaultConfigurationName = Release;
		};
		754294AA22876D7900CD50DA /* Build configuration list for PBXNativeTarget "myNotesTests" */ = {
			isa = XCConfigurationList;
			buildConfigurations = (
				754294AB22876D7900CD50DA /* Debug */,
				754294AC22876D7900CD50DA /* Release */,
			);
			defaultConfigurationIsVisible = 0;
			defaultConfigurationName = Release;
		};
/* End XCConfigurationList section */
	};
	rootObject = 7542948222876D6D00CD50DA /* Project object */;
}
